
Microsoft Visual Studio Solution File, Format Version 12.00
# Visual Studio Version 17
VisualStudioVersion = 17.6.33717.318
MinimumVisualStudioVersion = 10.0.40219.1
Project("{FAE04EC0-301F-11D3-BF4B-00C04F79EFBC}") = "neco", "neco\neco.csproj", "{324E9CC2-4699-4633-B0F0-968BF092D1A2}"
EndProject
Global
	GlobalSection(SolutionConfigurationPlatforms) = preSolution
		Debug|Any CPU = Debug|Any CPU
		Release|Any CPU = Release|Any CPU
	EndGlobalSection
	GlobalSection(ProjectConfigurationPlatforms) = postSolution
		{324E9CC2-4699-4633-B0F0-968BF092D1A2}.Debug|Any CPU.ActiveCfg = Debug|Any CPU
		{324E9CC2-4699-4633-B0F0-968BF092D1A2}.Debug|Any CPU.Build.0 = Debug|Any CPU
		{324E9CC2-4699-4633-B0F0-968BF092D1A2}.Release|Any CPU.ActiveCfg = Release|Any CPU
		{324E9CC2-4699-4633-B0F0-968BF092D1A2}.Release|Any CPU.Build.0 = Release|Any CPU
	EndGlobalSection
	GlobalSection(SolutionProperties) = preSolution
		HideSolutionNode = FALSE
	EndGlobalSection
	GlobalSection(ExtensibilityGlobals) = postSolution
		SolutionGuid = {E5EFDAC8-711F-48FD-9A3D-FFA055957A62}
	EndGlobalSection
EndGlobal
